
Microsoft Visual Studio Solution File, Format Version 12.00
# Visual Studio Version 17
VisualStudioVersion = 17.5.002.0
MinimumVisualStudioVersion = 10.0.40219.1
Project("{9A19103F-16F7-4668-BE54-9A1E7A4F7556}") = "Multicast", "Multicast.csproj", "{BCC60316-6595-4A9C-9ED7-CDBF59B126AE}"
EndProject
Global
	GlobalSection(SolutionConfigurationPlatforms) = preSolution
		Debug|Any CPU = Debug|Any CPU
		Release|Any CPU = Release|Any CPU
	EndGlobalSection
	GlobalSection(ProjectConfigurationPlatforms) = postSolution
		{BCC60316-6595-4A9C-9ED7-CDBF59B126AE}.Debug|Any CPU.ActiveCfg = Debug|Any CPU
		{BCC60316-6595-4A9C-9ED7-CDBF59B126AE}.Debug|Any CPU.Build.0 = Debug|Any CPU
		{BCC60316-6595-4A9C-9ED7-CDBF59B126AE}.Release|Any CPU.ActiveCfg = Release|Any CPU
		{BCC60316-6595-4A9C-9ED7-CDBF59B126AE}.Release|Any CPU.Build.0 = Release|Any CPU
	EndGlobalSection
	GlobalSection(SolutionProperties) = preSolution
		HideSolutionNode = FALSE
	EndGlobalSection
	GlobalSection(ExtensibilityGlobals) = postSolution
		SolutionGuid = {6F08DB51-0B01-4D29-BB64-2BDDCB02B012}
	EndGlobalSection
EndGlobal
