
Microsoft Visual Studio Solution File, Format Version 12.00
# Visual Studio Version 17
VisualStudioVersion = 17.5.002.0
MinimumVisualStudioVersion = 10.0.40219.1
Project("{9A19103F-16F7-4668-BE54-9A1E7A4F7556}") = "Multicast", "Multicast\Multicast.csproj", "{E94BCE64-D8C8-4D32-962F-7163BE63B0BC}"
EndProject
Project("{9A19103F-16F7-4668-BE54-9A1E7A4F7556}") = "Multicast Tests", "Multicast.Tests\Multicast.csproj", "{7BB030E4-E99D-476C-BB46-978C887AF49E}"
EndProject
Project("{9A19103F-16F7-4668-BE54-9A1E7A4F7556}") = "Multicast.Domain", "Multicast.Domain\Multicast.Domain.csproj", "{6D2D6799-823E-4635-9015-4C39DFC38957}"
EndProject
Project("{9A19103F-16F7-4668-BE54-9A1E7A4F7556}") = "Multicast.Persistance", "Multicast.Persistance\Multicast.Persistance.csproj", "{592E9B4E-7E5F-4322-BAC6-2D880B0532A1}"
EndProject
Global
	GlobalSection(SolutionConfigurationPlatforms) = preSolution
		Debug|Any CPU = Debug|Any CPU
		Release|Any CPU = Release|Any CPU
	EndGlobalSection
	GlobalSection(ProjectConfigurationPlatforms) = postSolution
		{E94BCE64-D8C8-4D32-962F-7163BE63B0BC}.Debug|Any CPU.ActiveCfg = Debug|Any CPU
		{E94BCE64-D8C8-4D32-962F-7163BE63B0BC}.Debug|Any CPU.Build.0 = Debug|Any CPU
		{E94BCE64-D8C8-4D32-962F-7163BE63B0BC}.Release|Any CPU.ActiveCfg = Release|Any CPU
		{E94BCE64-D8C8-4D32-962F-7163BE63B0BC}.Release|Any CPU.Build.0 = Release|Any CPU
		{7BB030E4-E99D-476C-BB46-978C887AF49E}.Debug|Any CPU.ActiveCfg = Debug|Any CPU
		{7BB030E4-E99D-476C-BB46-978C887AF49E}.Debug|Any CPU.Build.0 = Debug|Any CPU
		{7BB030E4-E99D-476C-BB46-978C887AF49E}.Release|Any CPU.ActiveCfg = Release|Any CPU
		{7BB030E4-E99D-476C-BB46-978C887AF49E}.Release|Any CPU.Build.0 = Release|Any CPU
		{6D2D6799-823E-4635-9015-4C39DFC38957}.Debug|Any CPU.ActiveCfg = Debug|Any CPU
		{6D2D6799-823E-4635-9015-4C39DFC38957}.Debug|Any CPU.Build.0 = Debug|Any CPU
		{6D2D6799-823E-4635-9015-4C39DFC38957}.Release|Any CPU.ActiveCfg = Release|Any CPU
		{6D2D6799-823E-4635-9015-4C39DFC38957}.Release|Any CPU.Build.0 = Release|Any CPU
		{592E9B4E-7E5F-4322-BAC6-2D880B0532A1}.Debug|Any CPU.ActiveCfg = Debug|Any CPU
		{592E9B4E-7E5F-4322-BAC6-2D880B0532A1}.Debug|Any CPU.Build.0 = Debug|Any CPU
		{592E9B4E-7E5F-4322-BAC6-2D880B0532A1}.Release|Any CPU.ActiveCfg = Release|Any CPU
		{592E9B4E-7E5F-4322-BAC6-2D880B0532A1}.Release|Any CPU.Build.0 = Release|Any CPU
	EndGlobalSection
	GlobalSection(SolutionProperties) = preSolution
		HideSolutionNode = FALSE
	EndGlobalSection
	GlobalSection(ExtensibilityGlobals) = postSolution
		SolutionGuid = {54485F84-45D9-4632-AE0B-162F940BE5A5}
	EndGlobalSection
EndGlobal
